{
  "name": "taxonomy-editor",
  "lockfileVersion": 2,
  "requires": true,
  "packages": {
    "": {
      "devDependencies": {
        "prettier": "3.6.2",
        "prettier-plugin-toml": "^1.0.0"
      }
    },
    "node_modules/@chevrotain/cst-dts-gen": {
      "version": "11.1.1",
      "resolved": "https://registry.npmjs.org/@chevrotain/cst-dts-gen/-/cst-dts-gen-11.1.1.tgz",
      "integrity": "sha512-fRHyv6/f542qQqiRGalrfJl/evD39mAvbJLCekPazhiextEatq1Jx1K/i9gSd5NNO0ds03ek0Cbo/4uVKmOBcw==",
      "dev": true,
      "dependencies": {
        "@chevrotain/gast": "11.1.1",
        "@chevrotain/types": "11.1.1",
        "lodash-es": "4.17.23"
      }
    },
    "node_modules/@chevrotain/gast": {
      "version": "11.1.1",
      "resolved": "https://registry.npmjs.org/@chevrotain/gast/-/gast-11.1.1.tgz",
      "integrity": "sha512-Ko/5vPEYy1vn5CbCjjvnSO4U7GgxyGm+dfUZZJIWTlQFkXkyym0jFYrWEU10hyCjrA7rQtiHtBr0EaZqvHFZvg==",
      "dev": true,
      "dependencies": {
        "@chevrotain/types": "11.1.1",
        "lodash-es": "4.17.23"
      }
    },
    "node_modules/@chevrotain/regexp-to-ast": {
      "version": "11.1.1",
      "resolved": "https://registry.npmjs.org/@chevrotain/regexp-to-ast/-/regexp-to-ast-11.1.1.tgz",
      "integrity": "sha512-ctRw1OKSXkOrR8VTvOxrQ5USEc4sNrfwXHa1NuTcR7wre4YbjPcKw+82C2uylg/TEwFRgwLmbhlln4qkmDyteg==",
      "dev": true
    },
    "node_modules/@chevrotain/types": {
      "version": "11.1.1",
      "resolved": "https://registry.npmjs.org/@chevrotain/types/-/types-11.1.1.tgz",
      "integrity": "sha512-wb2ToxG8LkgPYnKe9FH8oGn3TMCBdnwiuNC5l5y+CtlaVRbCytU0kbVsk6CGrqTL4ZN4ksJa0TXOYbxpbthtqw==",
      "dev": true
    },
    "node_modules/@chevrotain/utils": {
      "version": "11.1.1",
      "resolved": "https://registry.npmjs.org/@chevrotain/utils/-/utils-11.1.1.tgz",
      "integrity": "sha512-71eTYMzYXYSFPrbg/ZwftSaSDld7UYlS8OQa3lNnn9jzNtpFbaReRRyghzqS7rI3CDaorqpPJJcXGHK+FE1TVQ==",
      "dev": true
    },
    "node_modules/@toml-tools/lexer": {
      "version": "1.0.0",
      "resolved": "https://registry.npmjs.org/@toml-tools/lexer/-/lexer-1.0.0.tgz",
      "integrity": "sha512-rVoOC9FibF2CICwCBWQnYcjAEOmLCJExer178K2AsY0Nk9FjJNVoVJuR5UAtuq42BZOajvH+ainf6Gj2GpCnXQ==",
      "dev": true,
      "dependencies": {
        "chevrotain": "^11.0.1"
      }
    },
    "node_modules/@toml-tools/parser": {
      "version": "1.0.0",
      "resolved": "https://registry.npmjs.org/@toml-tools/parser/-/parser-1.0.0.tgz",
      "integrity": "sha512-j8cd3A3ccLHppGoWI69urbiVJslrpwI6sZ61ySDUPxM/FTkQWRx/JkkF8aipnl0Ds0feWXyjyvmWzn70mIohYg==",
      "dev": true,
      "dependencies": {
        "@toml-tools/lexer": "^1.0.0",
        "chevrotain": "^11.0.1"
      }
    },
    "node_modules/chevrotain": {
      "version": "11.1.1",
      "resolved": "https://registry.npmjs.org/chevrotain/-/chevrotain-11.1.1.tgz",
      "integrity": "sha512-f0yv5CPKaFxfsPTBzX7vGuim4oIC1/gcS7LUGdBSwl2dU6+FON6LVUksdOo1qJjoUvXNn45urgh8C+0a24pACQ==",
      "dev": true,
      "dependencies": {
        "@chevrotain/cst-dts-gen": "11.1.1",
        "@chevrotain/gast": "11.1.1",
        "@chevrotain/regexp-to-ast": "11.1.1",
        "@chevrotain/types": "11.1.1",
        "@chevrotain/utils": "11.1.1",
        "lodash-es": "4.17.23"
      }
    },
    "node_modules/lodash-es": {
      "version": "4.17.23",
      "resolved": "https://registry.npmjs.org/lodash-es/-/lodash-es-4.17.23.tgz",
      "integrity": "sha512-kVI48u3PZr38HdYz98UmfPnXl2DXrpdctLrFLCd3kOx1xUkOmpFPx7gCWWM5MPkL/fD8zb+Ph0QzjGFs4+hHWg==",
      "dev": true
    },
    "node_modules/prettier": {
      "version": "3.6.2",
      "resolved": "https://registry.npmjs.org/prettier/-/prettier-3.6.2.tgz",
      "integrity": "sha512-I7AIg5boAr5R0FFtJ6rCfD+LFsWHp81dolrFD8S79U9tb8Az2nGrJncnMSnys+bpQJfRUzqs9hnA81OAA3hCuQ==",
      "dev": true,
      "bin": {
        "prettier": "bin/prettier.cjs"
      },
      "engines": {
        "node": ">=14"
      },
      "funding": {
        "url": "https://github.com/prettier/prettier?sponsor=1"
      }
    },
    "node_modules/prettier-plugin-toml": {
      "version": "1.0.0",
      "resolved": "https://registry.npmjs.org/prettier-plugin-toml/-/prettier-plugin-toml-1.0.0.tgz",
      "integrity": "sha512-YMn4Fqy/ANHommZh61s5qqtpfcgPB00Ty890bFPr73B0HAy77zgyH89SvAK+NyPPx3AdM56a4Yo66LH9GPnuZw==",
      "dev": true,
      "dependencies": {
        "@toml-tools/lexer": "^1.0.0",
        "@toml-tools/parser": "^1.0.0"
      },
      "peerDependencies": {
        "prettier": "^3.0.0"
      }
    }
  },
  "dependencies": {
    "@chevrotain/cst-dts-gen": {
      "version": "11.1.1",
      "resolved": "https://registry.npmjs.org/@chevrotain/cst-dts-gen/-/cst-dts-gen-11.1.1.tgz",
      "integrity": "sha512-fRHyv6/f542qQqiRGalrfJl/evD39mAvbJLCekPazhiextEatq1Jx1K/i9gSd5NNO0ds03ek0Cbo/4uVKmOBcw==",
      "dev": true,
      "requires": {
        "@chevrotain/gast": "11.1.1",
        "@chevrotain/types": "11.1.1",
        "lodash-es": "4.17.23"
      }
    },
    "@chevrotain/gast": {
      "version": "11.1.1",
      "resolved": "https://registry.npmjs.org/@chevrotain/gast/-/gast-11.1.1.tgz",
      "integrity": "sha512-Ko/5vPEYy1vn5CbCjjvnSO4U7GgxyGm+dfUZZJIWTlQFkXkyym0jFYrWEU10hyCjrA7rQtiHtBr0EaZqvHFZvg==",
      "dev": true,
      "requires": {
        "@chevrotain/types": "11.1.1",
        "lodash-es": "4.17.23"
      }
    },
    "@chevrotain/regexp-to-ast": {
      "version": "11.1.1",
      "resolved": "https://registry.npmjs.org/@chevrotain/regexp-to-ast/-/regexp-to-ast-11.1.1.tgz",
      "integrity": "sha512-ctRw1OKSXkOrR8VTvOxrQ5USEc4sNrfwXHa1NuTcR7wre4YbjPcKw+82C2uylg/TEwFRgwLmbhlln4qkmDyteg==",
      "dev": true
    },
    "@chevrotain/types": {
      "version": "11.1.1",
      "resolved": "https://registry.npmjs.org/@chevrotain/types/-/types-11.1.1.tgz",
      "integrity": "sha512-wb2ToxG8LkgPYnKe9FH8oGn3TMCBdnwiuNC5l5y+CtlaVRbCytU0kbVsk6CGrqTL4ZN4ksJa0TXOYbxpbthtqw==",
      "dev": true
    },
    "@chevrotain/utils": {
      "version": "11.1.1",
      "resolved": "https://registry.npmjs.org/@chevrotain/utils/-/utils-11.1.1.tgz",
      "integrity": "sha512-71eTYMzYXYSFPrbg/ZwftSaSDld7UYlS8OQa3lNnn9jzNtpFbaReRRyghzqS7rI3CDaorqpPJJcXGHK+FE1TVQ==",
      "dev": true
    },
    "@toml-tools/lexer": {
      "version": "1.0.0",
      "resolved": "https://registry.npmjs.org/@toml-tools/lexer/-/lexer-1.0.0.tgz",
      "integrity": "sha512-rVoOC9FibF2CICwCBWQnYcjAEOmLCJExer178K2AsY0Nk9FjJNVoVJuR5UAtuq42BZOajvH+ainf6Gj2GpCnXQ==",
      "dev": true,
      "requires": {
        "chevrotain": "^11.0.1"
      }
    },
    "@toml-tools/parser": {
      "version": "1.0.0",
      "resolved": "https://registry.npmjs.org/@toml-tools/parser/-/parser-1.0.0.tgz",
      "integrity": "sha512-j8cd3A3ccLHppGoWI69urbiVJslrpwI6sZ61ySDUPxM/FTkQWRx/JkkF8aipnl0Ds0feWXyjyvmWzn70mIohYg==",
      "dev": true,
      "requires": {
        "@toml-tools/lexer": "^1.0.0",
        "chevrotain": "^11.0.1"
      }
    },
    "chevrotain": {
      "version": "11.1.1",
      "resolved": "https://registry.npmjs.org/chevrotain/-/chevrotain-11.1.1.tgz",
      "integrity": "sha512-f0yv5CPKaFxfsPTBzX7vGuim4oIC1/gcS7LUGdBSwl2dU6+FON6LVUksdOo1qJjoUvXNn45urgh8C+0a24pACQ==",
      "dev": true,
      "requires": {
        "@chevrotain/cst-dts-gen": "11.1.1",
        "@chevrotain/gast": "11.1.1",
        "@chevrotain/regexp-to-ast": "11.1.1",
        "@chevrotain/types": "11.1.1",
        "@chevrotain/utils": "11.1.1",
        "lodash-es": "4.17.23"
      }
    },
    "lodash-es": {
      "version": "4.17.23",
      "resolved": "https://registry.npmjs.org/lodash-es/-/lodash-es-4.17.23.tgz",
      "integrity": "sha512-kVI48u3PZr38HdYz98UmfPnXl2DXrpdctLrFLCd3kOx1xUkOmpFPx7gCWWM5MPkL/fD8zb+Ph0QzjGFs4+hHWg==",
      "dev": true
    },
    "prettier": {
      "version": "3.6.2",
      "resolved": "https://registry.npmjs.org/prettier/-/prettier-3.6.2.tgz",
      "integrity": "sha512-I7AIg5boAr5R0FFtJ6rCfD+LFsWHp81dolrFD8S79U9tb8Az2nGrJncnMSnys+bpQJfRUzqs9hnA81OAA3hCuQ==",
      "dev": true
    },
    "prettier-plugin-toml": {
      "version": "1.0.0",
      "resolved": "https://registry.npmjs.org/prettier-plugin-toml/-/prettier-plugin-toml-1.0.0.tgz",
      "integrity": "sha512-YMn4Fqy/ANHommZh61s5qqtpfcgPB00Ty890bFPr73B0HAy77zgyH89SvAK+NyPPx3AdM56a4Yo66LH9GPnuZw==",
      "dev": true,
      "requires": {
        "@toml-tools/lexer": "^1.0.0",
        "@toml-tools/parser": "^1.0.0"
      }
    }
  }
}
